
Microsoft Visual Studio Solution File, Format Version 12.00
# Visual Studio Version 16
VisualStudioVersion = 16.0.31702.278
MinimumVisualStudioVersion = 10.0.40219.1
Project("{FAE04EC0-301F-11D3-BF4B-00C04F79EFBC}") = "Lab17_Wpf", "Lab17_Wpf\Lab17_Wpf.csproj", "{FE811D99-D908-42F0-A202-C01254BE7C73}"
EndProject
Global
	GlobalSection(SolutionConfigurationPlatforms) = preSolution
		Debug|Any CPU = Debug|Any CPU
		Release|Any CPU = Release|Any CPU
	EndGlobalSection
	GlobalSection(ProjectConfigurationPlatforms) = postSolution
		{FE811D99-D908-42F0-A202-C01254BE7C73}.Debug|Any CPU.ActiveCfg = Debug|Any CPU
		{FE811D99-D908-42F0-A202-C01254BE7C73}.Debug|Any CPU.Build.0 = Debug|Any CPU
		{FE811D99-D908-42F0-A202-C01254BE7C73}.Release|Any CPU.ActiveCfg = Release|Any CPU
		{FE811D99-D908-42F0-A202-C01254BE7C73}.Release|Any CPU.Build.0 = Release|Any CPU
	EndGlobalSection
	GlobalSection(SolutionProperties) = preSolution
		HideSolutionNode = FALSE
	EndGlobalSection
	GlobalSection(ExtensibilityGlobals) = postSolution
		SolutionGuid = {F95A3B4F-39BC-4445-8672-98F7DB199C7E}
	EndGlobalSection
EndGlobal
